// !$*UTF8*$!
{
	archiveVersion = 1;
	classes = {
	};
	objectVersion = 50;
	objects = {

/* Begin PBXBuildFile section */
		7119D2C822952F5600ECA92C /* Starter.swift in Sources */ = {isa = PBXBuildFile; fileRef = 7119D2BD22952F5500ECA92C /* Starter.swift */; };
		7119D2C922952F5600ECA92C /* BaseCoordinator.swift in Sources */ = {isa = PBXBuildFile; fileRef = 7119D2BE22952F5500ECA92C /* BaseCoordinator.swift */; };
		7119D2CA22952F5600ECA92C /* Presentable.swift in Sources */ = {isa = PBXBuildFile; fileRef = 7119D2BF22952F5500ECA92C /* Presentable.swift */; };
		7119D2CB22952F5600ECA92C /* Pushable.swift in Sources */ = {isa = PBXBuildFile; fileRef = 7119D2C022952F5500ECA92C /* Pushable.swift */; };
		7119D2CC22952F5600ECA92C /* IdentifiableCoordinator.swift in Sources */ = {isa = PBXBuildFile; fileRef = 7119D2C122952F5500ECA92C /* IdentifiableCoordinator.swift */; };
		7119D2CD22952F5600ECA92C /* Coordinator.swift in Sources */ = {isa = PBXBuildFile; fileRef = 7119D2C222952F5500ECA92C /* Coordinator.swift */; };
		7119D2CF22952F5600ECA92C /* Initializable.swift in Sources */ = {isa = PBXBuildFile; fileRef = 7119D2C422952F5600ECA92C /* Initializable.swift */; };
		7119D2D022952F5600ECA92C /* PushingCoordinator.swift in Sources */ = {isa = PBXBuildFile; fileRef = 7119D2C522952F5600ECA92C /* PushingCoordinator.swift */; };
		7119D2D122952F5600ECA92C /* PushingRouter.swift in Sources */ = {isa = PBXBuildFile; fileRef = 7119D2C622952F5600ECA92C /* PushingRouter.swift */; };
		7119D2D222952F5600ECA92C /* Router.swift in Sources */ = {isa = PBXBuildFile; fileRef = 7119D2C722952F5600ECA92C /* Router.swift */; };
		7119D2D8229531E100ECA92C /* MulticastDelegate.swift in Sources */ = {isa = PBXBuildFile; fileRef = 7119D2D6229531E000ECA92C /* MulticastDelegate.swift */; };
		7119D2D9229531E100ECA92C /* NavControllerMulticastDelegate.swift in Sources */ = {isa = PBXBuildFile; fileRef = 7119D2D7229531E000ECA92C /* NavControllerMulticastDelegate.swift */; };
		7119D2DB229531EF00ECA92C /* Weak.swift in Sources */ = {isa = PBXBuildFile; fileRef = 7119D2DA229531EF00ECA92C /* Weak.swift */; };
		71A3724D22F85BD8000AD70F /* StoppableCoordinator.swift in Sources */ = {isa = PBXBuildFile; fileRef = 71A3724C22F85BD8000AD70F /* StoppableCoordinator.swift */; };
		71A3724F22F85D8E000AD70F /* Logger.swift in Sources */ = {isa = PBXBuildFile; fileRef = 71A3724E22F85D8E000AD70F /* Logger.swift */; };
		71AC474622952E01004D9B60 /* Coordinator.h in Headers */ = {isa = PBXBuildFile; fileRef = 71AC473822952E01004D9B60 /* Coordinator.h */; settings = {ATTRIBUTES = (Public, ); }; };
/* End PBXBuildFile section */

/* Begin PBXFileReference section */
		7119D2BD22952F5500ECA92C /* Starter.swift */ = {isa = PBXFileReference; fileEncoding = 4; lastKnownFileType = sourcecode.swift; path = Starter.swift; sourceTree = "<group>"; };
		7119D2BE22952F5500ECA92C /* BaseCoordinator.swift */ = {isa = PBXFileReference; fileEncoding = 4; lastKnownFileType = sourcecode.swift; path = BaseCoordinator.swift; sourceTree = "<group>"; };
		7119D2BF22952F5500ECA92C /* Presentable.swift */ = {isa = PBXFileReference; fileEncoding = 4; lastKnownFileType = sourcecode.swift; path = Presentable.swift; sourceTree = "<group>"; };
		7119D2C022952F5500ECA92C /* Pushable.swift */ = {isa = PBXFileReference; fileEncoding = 4; lastKnownFileType = sourcecode.swift; path = Pushable.swift; sourceTree = "<group>"; };
		7119D2C122952F5500ECA92C /* IdentifiableCoordinator.swift */ = {isa = PBXFileReference; fileEncoding = 4; lastKnownFileType = sourcecode.swift; path = IdentifiableCoordinator.swift; sourceTree = "<group>"; };
		7119D2C222952F5500ECA92C /* Coordinator.swift */ = {isa = PBXFileReference; fileEncoding = 4; lastKnownFileType = sourcecode.swift; path = Coordinator.swift; sourceTree = "<group>"; };
		7119D2C322952F5500ECA92C /* CoordinatorDemo.swift */ = {isa = PBXFileReference; fileEncoding = 4; lastKnownFileType = sourcecode.swift; path = CoordinatorDemo.swift; sourceTree = "<group>"; };
		7119D2C422952F5600ECA92C /* Initializable.swift */ = {isa = PBXFileReference; fileEncoding = 4; lastKnownFileType = sourcecode.swift; path = Initializable.swift; sourceTree = "<group>"; };
		7119D2C522952F5600ECA92C /* PushingCoordinator.swift */ = {isa = PBXFileReference; fileEncoding = 4; lastKnownFileType = sourcecode.swift; path = PushingCoordinator.swift; sourceTree = "<group>"; };
		7119D2C622952F5600ECA92C /* PushingRouter.swift */ = {isa = PBXFileReference; fileEncoding = 4; lastKnownFileType = sourcecode.swift; path = PushingRouter.swift; sourceTree = "<group>"; };
		7119D2C722952F5600ECA92C /* Router.swift */ = {isa = PBXFileReference; fileEncoding = 4; lastKnownFileType = sourcecode.swift; path = Router.swift; sourceTree = "<group>"; };
		7119D2D6229531E000ECA92C /* MulticastDelegate.swift */ = {isa = PBXFileReference; fileEncoding = 4; lastKnownFileType = sourcecode.swift; path = MulticastDelegate.swift; sourceTree = "<group>"; };
		7119D2D7229531E000ECA92C /* NavControllerMulticastDelegate.swift */ = {isa = PBXFileReference; fileEncoding = 4; lastKnownFileType = sourcecode.swift; path = NavControllerMulticastDelegate.swift; sourceTree = "<group>"; };
		7119D2DA229531EF00ECA92C /* Weak.swift */ = {isa = PBXFileReference; fileEncoding = 4; lastKnownFileType = sourcecode.swift; path = Weak.swift; sourceTree = "<group>"; };
		71A3724C22F85BD8000AD70F /* StoppableCoordinator.swift */ = {isa = PBXFileReference; fileEncoding = 4; lastKnownFileType = sourcecode.swift; path = StoppableCoordinator.swift; sourceTree = "<group>"; };
		71A3724E22F85D8E000AD70F /* Logger.swift */ = {isa = PBXFileReference; fileEncoding = 4; lastKnownFileType = sourcecode.swift; path = Logger.swift; sourceTree = "<group>"; };
		71A3725222F94E12000AD70F /* Coordinator.plist */ = {isa = PBXFileReference; fileEncoding = 4; lastKnownFileType = text.plist.xml; path = Coordinator.plist; sourceTree = "<group>"; };
		71AC473522952E01004D9B60 /* Coordinator.framework */ = {isa = PBXFileReference; explicitFileType = wrapper.framework; includeInIndex = 0; path = Coordinator.framework; sourceTree = BUILT_PRODUCTS_DIR; };
		71AC473822952E01004D9B60 /* Coordinator.h */ = {isa = PBXFileReference; lastKnownFileType = sourcecode.c.h; path = Coordinator.h; sourceTree = "<group>"; };
/* End PBXFileReference section */

/* Begin PBXFrameworksBuildPhase section */
		71AC473222952E01004D9B60 /* Frameworks */ = {
			isa = PBXFrameworksBuildPhase;
			buildActionMask = 2147483647;
			files = (
			);
			runOnlyForDeploymentPostprocessing = 0;
		};
/* End PBXFrameworksBuildPhase section */

/* Begin PBXGroup section */
		7119D2D5229531E000ECA92C /* MulticastDelegate */ = {
			isa = PBXGroup;
			children = (
				7119D2DA229531EF00ECA92C /* Weak.swift */,
				7119D2D6229531E000ECA92C /* MulticastDelegate.swift */,
				7119D2D7229531E000ECA92C /* NavControllerMulticastDelegate.swift */,
			);
			path = MulticastDelegate;
			sourceTree = "<group>";
		};
		71A3725022F94D6D000AD70F /* Example */ = {
			isa = PBXGroup;
			children = (
				7119D2C322952F5500ECA92C /* CoordinatorDemo.swift */,
			);
			path = Example;
			sourceTree = "<group>";
		};
		71A3725122F94E12000AD70F /* Configs */ = {
			isa = PBXGroup;
			children = (
				71A3725222F94E12000AD70F /* Coordinator.plist */,
			);
			path = Configs;
			sourceTree = "<group>";
		};
		71AC472B22952E01004D9B60 = {
			isa = PBXGroup;
			children = (
				71A3725122F94E12000AD70F /* Configs */,
				71A3725022F94D6D000AD70F /* Example */,
				71AC473722952E01004D9B60 /* Sources */,
				71AC473622952E01004D9B60 /* Products */,
			);
			sourceTree = "<group>";
		};
		71AC473622952E01004D9B60 /* Products */ = {
			isa = PBXGroup;
			children = (
				71AC473522952E01004D9B60 /* Coordinator.framework */,
			);
			name = Products;
			sourceTree = "<group>";
		};
		71AC473722952E01004D9B60 /* Sources */ = {
			isa = PBXGroup;
			children = (
				71AC473822952E01004D9B60 /* Coordinator.h */,
				7119D2D5229531E000ECA92C /* MulticastDelegate */,
				7119D2BE22952F5500ECA92C /* BaseCoordinator.swift */,
				7119D2C222952F5500ECA92C /* Coordinator.swift */,
				7119D2C122952F5500ECA92C /* IdentifiableCoordinator.swift */,
				7119D2C422952F5600ECA92C /* Initializable.swift */,
				71A3724E22F85D8E000AD70F /* Logger.swift */,
				7119D2BF22952F5500ECA92C /* Presentable.swift */,
				7119D2C022952F5500ECA92C /* Pushable.swift */,
				7119D2C522952F5600ECA92C /* PushingCoordinator.swift */,
				7119D2C622952F5600ECA92C /* PushingRouter.swift */,
				7119D2C722952F5600ECA92C /* Router.swift */,
				7119D2BD22952F5500ECA92C /* Starter.swift */,
				71A3724C22F85BD8000AD70F /* StoppableCoordinator.swift */,
			);
			path = Sources;
			sourceTree = "<group>";
		};
/* End PBXGroup section */

/* Begin PBXHeadersBuildPhase section */
		71AC473022952E01004D9B60 /* Headers */ = {
			isa = PBXHeadersBuildPhase;
			buildActionMask = 2147483647;
			files = (
				71AC474622952E01004D9B60 /* Coordinator.h in Headers */,
			);
			runOnlyForDeploymentPostprocessing = 0;
		};
/* End PBXHeadersBuildPhase section */

/* Begin PBXNativeTarget section */
		71AC473422952E01004D9B60 /* Coordinator */ = {
			isa = PBXNativeTarget;
			buildConfigurationList = 71AC474922952E01004D9B60 /* Build configuration list for PBXNativeTarget "Coordinator" */;
			buildPhases = (
				71AC473022952E01004D9B60 /* Headers */,
				71AC473122952E01004D9B60 /* Sources */,
				71AC473222952E01004D9B60 /* Frameworks */,
				71AC473322952E01004D9B60 /* Resources */,
			);
			buildRules = (
			);
			dependencies = (
			);
			name = Coordinator;
			productName = Coordinator;
			productReference = 71AC473522952E01004D9B60 /* Coordinator.framework */;
			productType = "com.apple.product-type.framework";
		};
/* End PBXNativeTarget section */

/* Begin PBXProject section */
		71AC472C22952E01004D9B60 /* Project object */ = {
			isa = PBXProject;
			attributes = {
				LastSwiftUpdateCheck = 1020;
				LastUpgradeCheck = 1020;
				ORGANIZATIONNAME = "Etnetera a. s.";
				TargetAttributes = {
					71AC473422952E01004D9B60 = {
						CreatedOnToolsVersion = 10.2.1;
					};
				};
			};
			buildConfigurationList = 71AC472F22952E01004D9B60 /* Build configuration list for PBXProject "Coordinator" */;
			compatibilityVersion = "Xcode 9.3";
			developmentRegion = en;
			hasScannedForEncodings = 0;
			knownRegions = (
				en,
				Base,
			);
			mainGroup = 71AC472B22952E01004D9B60;
			productRefGroup = 71AC473622952E01004D9B60 /* Products */;
			projectDirPath = "";
			projectRoot = "";
			targets = (
				71AC473422952E01004D9B60 /* Coordinator */,
			);
		};
/* End PBXProject section */

/* Begin PBXResourcesBuildPhase section */
		71AC473322952E01004D9B60 /* Resources */ = {
			isa = PBXResourcesBuildPhase;
			buildActionMask = 2147483647;
			files = (
			);
			runOnlyForDeploymentPostprocessing = 0;
		};
/* End PBXResourcesBuildPhase section */

/* Begin PBXSourcesBuildPhase section */
		71AC473122952E01004D9B60 /* Sources */ = {
			isa = PBXSourcesBuildPhase;
			buildActionMask = 2147483647;
			files = (
				7119D2CD22952F5600ECA92C /* Coordinator.swift in Sources */,
				7119D2CF22952F5600ECA92C /* Initializable.swift in Sources */,
				71A3724D22F85BD8000AD70F /* StoppableCoordinator.swift in Sources */,
				7119D2CB22952F5600ECA92C /* Pushable.swift in Sources */,
				7119D2CC22952F5600ECA92C /* IdentifiableCoordinator.swift in Sources */,
				7119D2C822952F5600ECA92C /* Starter.swift in Sources */,
				71A3724F22F85D8E000AD70F /* Logger.swift in Sources */,
				7119D2CA22952F5600ECA92C /* Presentable.swift in Sources */,
				7119D2D122952F5600ECA92C /* PushingRouter.swift in Sources */,
				7119D2D022952F5600ECA92C /* PushingCoordinator.swift in Sources */,
				7119D2C922952F5600ECA92C /* BaseCoordinator.swift in Sources */,
				7119D2D222952F5600ECA92C /* Router.swift in Sources */,
				7119D2D8229531E100ECA92C /* MulticastDelegate.swift in Sources */,
				7119D2D9229531E100ECA92C /* NavControllerMulticastDelegate.swift in Sources */,
				7119D2DB229531EF00ECA92C /* Weak.swift in Sources */,
			);
			runOnlyForDeploymentPostprocessing = 0;
		};
/* End PBXSourcesBuildPhase section */

/* Begin XCBuildConfiguration section */
		71AC474722952E01004D9B60 /* Debug */ = {
			isa = XCBuildConfiguration;
			buildSettings = {
				ALWAYS_SEARCH_USER_PATHS = NO;
				CLANG_ANALYZER_NONNULL = YES;
				CLANG_ANALYZER_NUMBER_OBJECT_CONVERSION = YES_AGGRESSIVE;
				CLANG_CXX_LANGUAGE_STANDARD = "gnu++14";
				CLANG_CXX_LIBRARY = "libc++";
				CLANG_ENABLE_MODULES = YES;
				CLANG_ENABLE_OBJC_ARC = YES;
				CLANG_ENABLE_OBJC_WEAK = YES;
				CLANG_WARN_BLOCK_CAPTURE_AUTORELEASING = YES;
				CLANG_WARN_BOOL_CONVERSION = YES;
				CLANG_WARN_COMMA = YES;
				CLANG_WARN_CONSTANT_CONVERSION = YES;
				CLANG_WARN_DEPRECATED_OBJC_IMPLEMENTATIONS = YES;
				CLANG_WARN_DIRECT_OBJC_ISA_USAGE = YES_ERROR;
				CLANG_WARN_DOCUMENTATION_COMMENTS = YES;
				CLANG_WARN_EMPTY_BODY = YES;
				CLANG_WARN_ENUM_CONVERSION = YES;
				CLANG_WARN_INFINITE_RECURSION = YES;
				CLANG_WARN_INT_CONVERSION = YES;
				CLANG_WARN_NON_LITERAL_NULL_CONVERSION = YES;
				CLANG_WARN_OBJC_IMPLICIT_RETAIN_SELF = YES;
				CLANG_WARN_OBJC_LITERAL_CONVERSION = YES;
				CLANG_WARN_OBJC_ROOT_CLASS = YES_ERROR;
				CLANG_WARN_RANGE_LOOP_ANALYSIS = YES;
				CLANG_WARN_STRICT_PROTOTYPES = YES;
				CLANG_WARN_SUSPICIOUS_MOVE = YES;
				CLANG_WARN_UNGUARDED_AVAILABILITY = YES_AGGRESSIVE;
				CLANG_WARN_UNREACHABLE_CODE = YES;
				CLANG_WARN__DUPLICATE_METHOD_MATCH = YES;
				CODE_SIGN_IDENTITY = "iPhone Developer";
				COPY_PHASE_STRIP = NO;
				CURRENT_PROJECT_VERSION = 1;
				DEBUG_INFORMATION_FORMAT = dwarf;
				ENABLE_STRICT_OBJC_MSGSEND = YES;
				ENABLE_TESTABILITY = YES;
				GCC_C_LANGUAGE_STANDARD = gnu11;
				GCC_DYNAMIC_NO_PIC = NO;
				GCC_NO_COMMON_BLOCKS = YES;
				GCC_OPTIMIZATION_LEVEL = 0;
				GCC_PREPROCESSOR_DEFINITIONS = (
					"DEBUG=1",
					"$(inherited)",
				);
				GCC_WARN_64_TO_32_BIT_CONVERSION = YES;
				GCC_WARN_ABOUT_RETURN_TYPE = YES_ERROR;
				GCC_WARN_UNDECLARED_SELECTOR = YES;
				GCC_WARN_UNINITIALIZED_AUTOS = YES_AGGRESSIVE;
				GCC_WARN_UNUSED_FUNCTION = YES;
				GCC_WARN_UNUSED_VARIABLE = YES;
				IPHONEOS_DEPLOYMENT_TARGET = 12.2;
				MTL_ENABLE_DEBUG_INFO = INCLUDE_SOURCE;
				MTL_FAST_MATH = YES;
				ONLY_ACTIVE_ARCH = YES;
				SDKROOT = iphoneos;
				SWIFT_ACTIVE_COMPILATION_CONDITIONS = DEBUG;
				SWIFT_OPTIMIZATION_LEVEL = "-Onone";
				VERSIONING_SYSTEM = "apple-generic";
				VERSION_INFO_PREFIX = "";
			};
			name = Debug;
		};
		71AC474822952E01004D9B60 /* Release */ = {
			isa = XCBuildConfiguration;
			buildSettings = {
				ALWAYS_SEARCH_USER_PATHS = NO;
				CLANG_ANALYZER_NONNULL = YES;
				CLANG_ANALYZER_NUMBER_OBJECT_CONVERSION = YES_AGGRESSIVE;
				CLANG_CXX_LANGUAGE_STANDARD = "gnu++14";
				CLANG_CXX_LIBRARY = "libc++";
				CLANG_ENABLE_MODULES = YES;
				CLANG_ENABLE_OBJC_ARC = YES;
				CLANG_ENABLE_OBJC_WEAK = YES;
				CLANG_WARN_BLOCK_CAPTURE_AUTORELEASING = YES;
				CLANG_WARN_BOOL_CONVERSION = YES;
				CLANG_WARN_COMMA = YES;
				CLANG_WARN_CONSTANT_CONVERSION = YES;
				CLANG_WARN_DEPRECATED_OBJC_IMPLEMENTATIONS = YES;
				CLANG_WARN_DIRECT_OBJC_ISA_USAGE = YES_ERROR;
				CLANG_WARN_DOCUMENTATION_COMMENTS = YES;
				CLANG_WARN_EMPTY_BODY = YES;
				CLANG_WARN_ENUM_CONVERSION = YES;
				CLANG_WARN_INFINITE_RECURSION = YES;
				CLANG_WARN_INT_CONVERSION = YES;
				CLANG_WARN_NON_LITERAL_NULL_CONVERSION = YES;
				CLANG_WARN_OBJC_IMPLICIT_RETAIN_SELF = YES;
				CLANG_WARN_OBJC_LITERAL_CONVERSION = YES;
				CLANG_WARN_OBJC_ROOT_CLASS = YES_ERROR;
				CLANG_WARN_RANGE_LOOP_ANALYSIS = YES;
				CLANG_WARN_STRICT_PROTOTYPES = YES;
				CLANG_WARN_SUSPICIOUS_MOVE = YES;
				CLANG_WARN_UNGUARDED_AVAILABILITY = YES_AGGRESSIVE;
				CLANG_WARN_UNREACHABLE_CODE = YES;
				CLANG_WARN__DUPLICATE_METHOD_MATCH = YES;
				CODE_SIGN_IDENTITY = "iPhone Developer";
				COPY_PHASE_STRIP = NO;
				CURRENT_PROJECT_VERSION = 1;
				DEBUG_INFORMATION_FORMAT = "dwarf-with-dsym";
				ENABLE_NS_ASSERTIONS = NO;
				ENABLE_STRICT_OBJC_MSGSEND = YES;
				GCC_C_LANGUAGE_STANDARD = gnu11;
				GCC_NO_COMMON_BLOCKS = YES;
				GCC_WARN_64_TO_32_BIT_CONVERSION = YES;
				GCC_WARN_ABOUT_RETURN_TYPE = YES_ERROR;
				GCC_WARN_UNDECLARED_SELECTOR = YES;
				GCC_WARN_UNINITIALIZED_AUTOS = YES_AGGRESSIVE;
				GCC_WARN_UNUSED_FUNCTION = YES;
				GCC_WARN_UNUSED_VARIABLE = YES;
				IPHONEOS_DEPLOYMENT_TARGET = 12.2;
				MTL_ENABLE_DEBUG_INFO = NO;
				MTL_FAST_MATH = YES;
				SDKROOT = iphoneos;
				SWIFT_COMPILATION_MODE = wholemodule;
				SWIFT_OPTIMIZATION_LEVEL = "-O";
				VALIDATE_PRODUCT = YES;
				VERSIONING_SYSTEM = "apple-generic";
				VERSION_INFO_PREFIX = "";
			};
			name = Release;
		};
		71AC474A22952E01004D9B60 /* Debug */ = {
			isa = XCBuildConfiguration;
			buildSettings = {
				CODE_SIGN_IDENTITY = "";
				CODE_SIGN_STYLE = Automatic;
				DEFINES_MODULE = YES;
				DYLIB_COMPATIBILITY_VERSION = 1;
				DYLIB_CURRENT_VERSION = 1;
				DYLIB_INSTALL_NAME_BASE = "@rpath";
				INFOPLIST_FILE = Configs/Coordinator.plist;
				INSTALL_PATH = "$(LOCAL_LIBRARY_DIR)/Frameworks";
				IPHONEOS_DEPLOYMENT_TARGET = 10.0;
				LD_RUNPATH_SEARCH_PATHS = (
					"$(inherited)",
					"@executable_path/Frameworks",
					"@loader_path/Frameworks",
				);
				PRODUCT_BUNDLE_IDENTIFIER = cz.etnetera.Coordinator;
				PRODUCT_NAME = "$(TARGET_NAME:c99extidentifier)";
				SKIP_INSTALL = YES;
				SWIFT_VERSION = 5.0;
				TARGETED_DEVICE_FAMILY = "1,2";
			};
			name = Debug;
		};
		71AC474B22952E01004D9B60 /* Release */ = {
			isa = XCBuildConfiguration;
			buildSettings = {
				CODE_SIGN_IDENTITY = "";
				CODE_SIGN_STYLE = Automatic;
				DEFINES_MODULE = YES;
				DYLIB_COMPATIBILITY_VERSION = 1;
				DYLIB_CURRENT_VERSION = 1;
				DYLIB_INSTALL_NAME_BASE = "@rpath";
				INFOPLIST_FILE = Configs/Coordinator.plist;
				INSTALL_PATH = "$(LOCAL_LIBRARY_DIR)/Frameworks";
				IPHONEOS_DEPLOYMENT_TARGET = 10.0;
				LD_RUNPATH_SEARCH_PATHS = (
					"$(inherited)",
					"@executable_path/Frameworks",
					"@loader_path/Frameworks",
				);
				PRODUCT_BUNDLE_IDENTIFIER = cz.etnetera.Coordinator;
				PRODUCT_NAME = "$(TARGET_NAME:c99extidentifier)";
				SKIP_INSTALL = YES;
				SWIFT_VERSION = 5.0;
				TARGETED_DEVICE_FAMILY = "1,2";
			};
			name = Release;
		};
/* End XCBuildConfiguration section */

/* Begin XCConfigurationList section */
		71AC472F22952E01004D9B60 /* Build configuration list for PBXProject "Coordinator" */ = {
			isa = XCConfigurationList;
			buildConfigurations = (
				71AC474722952E01004D9B60 /* Debug */,
				71AC474822952E01004D9B60 /* Release */,
			);
			defaultConfigurationIsVisible = 0;
			defaultConfigurationName = Release;
		};
		71AC474922952E01004D9B60 /* Build configuration list for PBXNativeTarget "Coordinator" */ = {
			isa = XCConfigurationList;
			buildConfigurations = (
				71AC474A22952E01004D9B60 /* Debug */,
				71AC474B22952E01004D9B60 /* Release */,
			);
			defaultConfigurationIsVisible = 0;
			defaultConfigurationName = Release;
		};
/* End XCConfigurationList section */
	};
	rootObject = 71AC472C22952E01004D9B60 /* Project object */;
}
