// !$*UTF8*$!
{
	archiveVersion = 1;
	classes = {
	};
	objectVersion = 50;
	objects = {

/* Begin PBXBuildFile section */
		52737A512533997800E7CCA2 /* LifetimeTracker.framework in Frameworks */ = {isa = PBXBuildFile; fileRef = 52737A502533996F00E7CCA2 /* LifetimeTracker.framework */; };
		5286262525339FA200F8ABA3 /* Utils.swift in Sources */ = {isa = PBXBuildFile; fileRef = 5286262425339FA200F8ABA3 /* Utils.swift */; };
		528626272533A36600F8ABA3 /* CustomCoordinator.swift in Sources */ = {isa = PBXBuildFile; fileRef = 528626262533A36600F8ABA3 /* CustomCoordinator.swift */; };
		52AD1F8E2400215200A24F8A /* DetailCoordinator.swift in Sources */ = {isa = PBXBuildFile; fileRef = 52AD1F8D2400215200A24F8A /* DetailCoordinator.swift */; };
		52AD1F902400238400A24F8A /* DetailViewController.swift in Sources */ = {isa = PBXBuildFile; fileRef = 52AD1F8F2400238400A24F8A /* DetailViewController.swift */; };
		52CE7779240015C100CC5FDF /* AppDelegate.swift in Sources */ = {isa = PBXBuildFile; fileRef = 52CE7778240015C100CC5FDF /* AppDelegate.swift */; };
		52CE777F240015C200CC5FDF /* Assets.xcassets in Resources */ = {isa = PBXBuildFile; fileRef = 52CE777E240015C200CC5FDF /* Assets.xcassets */; };
		52CE7782240015C200CC5FDF /* Preview Assets.xcassets in Resources */ = {isa = PBXBuildFile; fileRef = 52CE7781240015C200CC5FDF /* Preview Assets.xcassets */; };
		52CE7785240015C200CC5FDF /* LaunchScreen.storyboard in Resources */ = {isa = PBXBuildFile; fileRef = 52CE7783240015C200CC5FDF /* LaunchScreen.storyboard */; };
		52CE778B240015C800CC5FDF /* ETCoordinator.framework in Frameworks */ = {isa = PBXBuildFile; fileRef = 71AC473522952E01004D9B60 /* ETCoordinator.framework */; };
		52CE778C240015C800CC5FDF /* ETCoordinator.framework in Embed Frameworks */ = {isa = PBXBuildFile; fileRef = 71AC473522952E01004D9B60 /* ETCoordinator.framework */; settings = {ATTRIBUTES = (CodeSignOnCopy, RemoveHeadersOnCopy, ); }; };
		52CE77932400163100CC5FDF /* HomeViewController.swift in Sources */ = {isa = PBXBuildFile; fileRef = 52CE77922400163100CC5FDF /* HomeViewController.swift */; };
		52CE77962400165F00CC5FDF /* HomeCoordinator.swift in Sources */ = {isa = PBXBuildFile; fileRef = 52CE77952400165F00CC5FDF /* HomeCoordinator.swift */; };
		7119D2C822952F5600ECA92C /* Starter.swift in Sources */ = {isa = PBXBuildFile; fileRef = 7119D2BD22952F5500ECA92C /* Starter.swift */; };
		7119D2C922952F5600ECA92C /* BaseCoordinator.swift in Sources */ = {isa = PBXBuildFile; fileRef = 7119D2BE22952F5500ECA92C /* BaseCoordinator.swift */; };
		7119D2CA22952F5600ECA92C /* Presentable.swift in Sources */ = {isa = PBXBuildFile; fileRef = 7119D2BF22952F5500ECA92C /* Presentable.swift */; };
		7119D2CB22952F5600ECA92C /* Pushable.swift in Sources */ = {isa = PBXBuildFile; fileRef = 7119D2C022952F5500ECA92C /* Pushable.swift */; };
		7119D2CC22952F5600ECA92C /* IdentifiableCoordinator.swift in Sources */ = {isa = PBXBuildFile; fileRef = 7119D2C122952F5500ECA92C /* IdentifiableCoordinator.swift */; };
		7119D2CD22952F5600ECA92C /* Coordinator.swift in Sources */ = {isa = PBXBuildFile; fileRef = 7119D2C222952F5500ECA92C /* Coordinator.swift */; };
		7119D2CF22952F5600ECA92C /* Initializable.swift in Sources */ = {isa = PBXBuildFile; fileRef = 7119D2C422952F5600ECA92C /* Initializable.swift */; };
		7119D2D022952F5600ECA92C /* PushingCoordinator.swift in Sources */ = {isa = PBXBuildFile; fileRef = 7119D2C522952F5600ECA92C /* PushingCoordinator.swift */; };
		7119D2D122952F5600ECA92C /* PushingRouter.swift in Sources */ = {isa = PBXBuildFile; fileRef = 7119D2C622952F5600ECA92C /* PushingRouter.swift */; };
		7119D2D222952F5600ECA92C /* Router.swift in Sources */ = {isa = PBXBuildFile; fileRef = 7119D2C722952F5600ECA92C /* Router.swift */; };
		7119D2D8229531E100ECA92C /* MulticastDelegate.swift in Sources */ = {isa = PBXBuildFile; fileRef = 7119D2D6229531E000ECA92C /* MulticastDelegate.swift */; };
		7119D2D9229531E100ECA92C /* NavControllerMulticastDelegate.swift in Sources */ = {isa = PBXBuildFile; fileRef = 7119D2D7229531E000ECA92C /* NavControllerMulticastDelegate.swift */; };
		7119D2DB229531EF00ECA92C /* Weak.swift in Sources */ = {isa = PBXBuildFile; fileRef = 7119D2DA229531EF00ECA92C /* Weak.swift */; };
		71A3724D22F85BD8000AD70F /* StoppableCoordinator.swift in Sources */ = {isa = PBXBuildFile; fileRef = 71A3724C22F85BD8000AD70F /* StoppableCoordinator.swift */; };
		71A3724F22F85D8E000AD70F /* Logger.swift in Sources */ = {isa = PBXBuildFile; fileRef = 71A3724E22F85D8E000AD70F /* Logger.swift */; };
		71AC474622952E01004D9B60 /* Coordinator.h in Headers */ = {isa = PBXBuildFile; fileRef = 71AC473822952E01004D9B60 /* Coordinator.h */; settings = {ATTRIBUTES = (Public, ); }; };
/* End PBXBuildFile section */

/* Begin PBXContainerItemProxy section */
		52CE778D240015C800CC5FDF /* PBXContainerItemProxy */ = {
			isa = PBXContainerItemProxy;
			containerPortal = 71AC472C22952E01004D9B60 /* Project object */;
			proxyType = 1;
			remoteGlobalIDString = 71AC473422952E01004D9B60;
			remoteInfo = ETCoordinator;
		};
/* End PBXContainerItemProxy section */

/* Begin PBXCopyFilesBuildPhase section */
		52CE778F240015C900CC5FDF /* Embed Frameworks */ = {
			isa = PBXCopyFilesBuildPhase;
			buildActionMask = 2147483647;
			dstPath = "";
			dstSubfolderSpec = 10;
			files = (
				52CE778C240015C800CC5FDF /* ETCoordinator.framework in Embed Frameworks */,
			);
			name = "Embed Frameworks";
			runOnlyForDeploymentPostprocessing = 0;
		};
/* End PBXCopyFilesBuildPhase section */

/* Begin PBXFileReference section */
		52737A502533996F00E7CCA2 /* LifetimeTracker.framework */ = {isa = PBXFileReference; lastKnownFileType = wrapper.framework; name = LifetimeTracker.framework; path = Carthage/Build/iOS/LifetimeTracker.framework; sourceTree = "<group>"; };
		5286262425339FA200F8ABA3 /* Utils.swift */ = {isa = PBXFileReference; fileEncoding = 4; lastKnownFileType = sourcecode.swift; path = Utils.swift; sourceTree = "<group>"; };
		528626262533A36600F8ABA3 /* CustomCoordinator.swift */ = {isa = PBXFileReference; lastKnownFileType = sourcecode.swift; path = CustomCoordinator.swift; sourceTree = "<group>"; };
		52AD1F8D2400215200A24F8A /* DetailCoordinator.swift */ = {isa = PBXFileReference; lastKnownFileType = sourcecode.swift; path = DetailCoordinator.swift; sourceTree = "<group>"; };
		52AD1F8F2400238400A24F8A /* DetailViewController.swift */ = {isa = PBXFileReference; lastKnownFileType = sourcecode.swift; path = DetailViewController.swift; sourceTree = "<group>"; };
		52CE7776240015C100CC5FDF /* ExampleApp.app */ = {isa = PBXFileReference; explicitFileType = wrapper.application; includeInIndex = 0; path = ExampleApp.app; sourceTree = BUILT_PRODUCTS_DIR; };
		52CE7778240015C100CC5FDF /* AppDelegate.swift */ = {isa = PBXFileReference; lastKnownFileType = sourcecode.swift; path = AppDelegate.swift; sourceTree = "<group>"; };
		52CE777E240015C200CC5FDF /* Assets.xcassets */ = {isa = PBXFileReference; lastKnownFileType = folder.assetcatalog; path = Assets.xcassets; sourceTree = "<group>"; };
		52CE7781240015C200CC5FDF /* Preview Assets.xcassets */ = {isa = PBXFileReference; lastKnownFileType = folder.assetcatalog; path = "Preview Assets.xcassets"; sourceTree = "<group>"; };
		52CE7784240015C200CC5FDF /* Base */ = {isa = PBXFileReference; lastKnownFileType = file.storyboard; name = Base; path = Base.lproj/LaunchScreen.storyboard; sourceTree = "<group>"; };
		52CE7786240015C200CC5FDF /* Info.plist */ = {isa = PBXFileReference; lastKnownFileType = text.plist.xml; path = Info.plist; sourceTree = "<group>"; };
		52CE77922400163100CC5FDF /* HomeViewController.swift */ = {isa = PBXFileReference; lastKnownFileType = sourcecode.swift; path = HomeViewController.swift; sourceTree = "<group>"; };
		52CE77952400165F00CC5FDF /* HomeCoordinator.swift */ = {isa = PBXFileReference; lastKnownFileType = sourcecode.swift; path = HomeCoordinator.swift; sourceTree = "<group>"; };
		65ACD665240D3A2E006D4B0C /* CoordinatorDemo.swift */ = {isa = PBXFileReference; fileEncoding = 4; lastKnownFileType = sourcecode.swift; path = CoordinatorDemo.swift; sourceTree = "<group>"; };
		7119D2BD22952F5500ECA92C /* Starter.swift */ = {isa = PBXFileReference; fileEncoding = 4; lastKnownFileType = sourcecode.swift; path = Starter.swift; sourceTree = "<group>"; };
		7119D2BE22952F5500ECA92C /* BaseCoordinator.swift */ = {isa = PBXFileReference; fileEncoding = 4; lastKnownFileType = sourcecode.swift; path = BaseCoordinator.swift; sourceTree = "<group>"; };
		7119D2BF22952F5500ECA92C /* Presentable.swift */ = {isa = PBXFileReference; fileEncoding = 4; lastKnownFileType = sourcecode.swift; path = Presentable.swift; sourceTree = "<group>"; };
		7119D2C022952F5500ECA92C /* Pushable.swift */ = {isa = PBXFileReference; fileEncoding = 4; lastKnownFileType = sourcecode.swift; path = Pushable.swift; sourceTree = "<group>"; };
		7119D2C122952F5500ECA92C /* IdentifiableCoordinator.swift */ = {isa = PBXFileReference; fileEncoding = 4; lastKnownFileType = sourcecode.swift; path = IdentifiableCoordinator.swift; sourceTree = "<group>"; };
		7119D2C222952F5500ECA92C /* Coordinator.swift */ = {isa = PBXFileReference; fileEncoding = 4; lastKnownFileType = sourcecode.swift; path = Coordinator.swift; sourceTree = "<group>"; };
		7119D2C422952F5600ECA92C /* Initializable.swift */ = {isa = PBXFileReference; fileEncoding = 4; lastKnownFileType = sourcecode.swift; path = Initializable.swift; sourceTree = "<group>"; };
		7119D2C522952F5600ECA92C /* PushingCoordinator.swift */ = {isa = PBXFileReference; fileEncoding = 4; lastKnownFileType = sourcecode.swift; path = PushingCoordinator.swift; sourceTree = "<group>"; };
		7119D2C622952F5600ECA92C /* PushingRouter.swift */ = {isa = PBXFileReference; fileEncoding = 4; lastKnownFileType = sourcecode.swift; path = PushingRouter.swift; sourceTree = "<group>"; };
		7119D2C722952F5600ECA92C /* Router.swift */ = {isa = PBXFileReference; fileEncoding = 4; lastKnownFileType = sourcecode.swift; path = Router.swift; sourceTree = "<group>"; };
		7119D2D6229531E000ECA92C /* MulticastDelegate.swift */ = {isa = PBXFileReference; fileEncoding = 4; lastKnownFileType = sourcecode.swift; path = MulticastDelegate.swift; sourceTree = "<group>"; };
		7119D2D7229531E000ECA92C /* NavControllerMulticastDelegate.swift */ = {isa = PBXFileReference; fileEncoding = 4; lastKnownFileType = sourcecode.swift; path = NavControllerMulticastDelegate.swift; sourceTree = "<group>"; };
		7119D2DA229531EF00ECA92C /* Weak.swift */ = {isa = PBXFileReference; fileEncoding = 4; lastKnownFileType = sourcecode.swift; path = Weak.swift; sourceTree = "<group>"; };
		71A3724C22F85BD8000AD70F /* StoppableCoordinator.swift */ = {isa = PBXFileReference; fileEncoding = 4; lastKnownFileType = sourcecode.swift; path = StoppableCoordinator.swift; sourceTree = "<group>"; };
		71A3724E22F85D8E000AD70F /* Logger.swift */ = {isa = PBXFileReference; fileEncoding = 4; lastKnownFileType = sourcecode.swift; path = Logger.swift; sourceTree = "<group>"; };
		71A3725222F94E12000AD70F /* ETCoordinator.plist */ = {isa = PBXFileReference; fileEncoding = 4; lastKnownFileType = text.plist.xml; path = ETCoordinator.plist; sourceTree = "<group>"; };
		71AC473522952E01004D9B60 /* ETCoordinator.framework */ = {isa = PBXFileReference; explicitFileType = wrapper.framework; includeInIndex = 0; path = ETCoordinator.framework; sourceTree = BUILT_PRODUCTS_DIR; };
		71AC473822952E01004D9B60 /* Coordinator.h */ = {isa = PBXFileReference; lastKnownFileType = sourcecode.c.h; path = Coordinator.h; sourceTree = "<group>"; };
/* End PBXFileReference section */

/* Begin PBXFrameworksBuildPhase section */
		52CE7773240015C100CC5FDF /* Frameworks */ = {
			isa = PBXFrameworksBuildPhase;
			buildActionMask = 2147483647;
			files = (
				52737A512533997800E7CCA2 /* LifetimeTracker.framework in Frameworks */,
				52CE778B240015C800CC5FDF /* ETCoordinator.framework in Frameworks */,
			);
			runOnlyForDeploymentPostprocessing = 0;
		};
		71AC473222952E01004D9B60 /* Frameworks */ = {
			isa = PBXFrameworksBuildPhase;
			buildActionMask = 2147483647;
			files = (
			);
			runOnlyForDeploymentPostprocessing = 0;
		};
/* End PBXFrameworksBuildPhase section */

/* Begin PBXGroup section */
		52CE7777240015C100CC5FDF /* ExampleApp */ = {
			isa = PBXGroup;
			children = (
				65ACD665240D3A2E006D4B0C /* CoordinatorDemo.swift */,
				52CE77942400165000CC5FDF /* Coordinators */,
				52CE77902400160D00CC5FDF /* ViewControllers */,
				52CE7778240015C100CC5FDF /* AppDelegate.swift */,
				5286262425339FA200F8ABA3 /* Utils.swift */,
				52CE777E240015C200CC5FDF /* Assets.xcassets */,
				52CE7783240015C200CC5FDF /* LaunchScreen.storyboard */,
				52CE7786240015C200CC5FDF /* Info.plist */,
				52CE7780240015C200CC5FDF /* Preview Content */,
			);
			path = ExampleApp;
			sourceTree = "<group>";
		};
		52CE7780240015C200CC5FDF /* Preview Content */ = {
			isa = PBXGroup;
			children = (
				52CE7781240015C200CC5FDF /* Preview Assets.xcassets */,
			);
			path = "Preview Content";
			sourceTree = "<group>";
		};
		52CE778A240015C800CC5FDF /* Frameworks */ = {
			isa = PBXGroup;
			children = (
				52737A502533996F00E7CCA2 /* LifetimeTracker.framework */,
			);
			name = Frameworks;
			sourceTree = "<group>";
		};
		52CE77902400160D00CC5FDF /* ViewControllers */ = {
			isa = PBXGroup;
			children = (
				52CE77922400163100CC5FDF /* HomeViewController.swift */,
				52AD1F8F2400238400A24F8A /* DetailViewController.swift */,
			);
			path = ViewControllers;
			sourceTree = "<group>";
		};
		52CE77942400165000CC5FDF /* Coordinators */ = {
			isa = PBXGroup;
			children = (
				52CE77952400165F00CC5FDF /* HomeCoordinator.swift */,
				52AD1F8D2400215200A24F8A /* DetailCoordinator.swift */,
				528626262533A36600F8ABA3 /* CustomCoordinator.swift */,
			);
			path = Coordinators;
			sourceTree = "<group>";
		};
		6586281823795DEB007ECD0D /* ETCoordinator */ = {
			isa = PBXGroup;
			children = (
				71AC473822952E01004D9B60 /* Coordinator.h */,
				7119D2D5229531E000ECA92C /* MulticastDelegate */,
				71A3725822F9543B000AD70F /* Utilitis */,
				7119D2BE22952F5500ECA92C /* BaseCoordinator.swift */,
				7119D2C222952F5500ECA92C /* Coordinator.swift */,
				7119D2C122952F5500ECA92C /* IdentifiableCoordinator.swift */,
				7119D2C422952F5600ECA92C /* Initializable.swift */,
				7119D2BF22952F5500ECA92C /* Presentable.swift */,
				7119D2C022952F5500ECA92C /* Pushable.swift */,
				7119D2C522952F5600ECA92C /* PushingCoordinator.swift */,
				7119D2C622952F5600ECA92C /* PushingRouter.swift */,
				7119D2C722952F5600ECA92C /* Router.swift */,
				7119D2BD22952F5500ECA92C /* Starter.swift */,
				71A3724C22F85BD8000AD70F /* StoppableCoordinator.swift */,
			);
			path = ETCoordinator;
			sourceTree = "<group>";
		};
		7119D2D5229531E000ECA92C /* MulticastDelegate */ = {
			isa = PBXGroup;
			children = (
				7119D2DA229531EF00ECA92C /* Weak.swift */,
				7119D2D6229531E000ECA92C /* MulticastDelegate.swift */,
				7119D2D7229531E000ECA92C /* NavControllerMulticastDelegate.swift */,
			);
			path = MulticastDelegate;
			sourceTree = "<group>";
		};
		71A3725122F94E12000AD70F /* Configs */ = {
			isa = PBXGroup;
			children = (
				71A3725222F94E12000AD70F /* ETCoordinator.plist */,
			);
			path = Configs;
			sourceTree = "<group>";
		};
		71A3725822F9543B000AD70F /* Utilitis */ = {
			isa = PBXGroup;
			children = (
				71A3724E22F85D8E000AD70F /* Logger.swift */,
			);
			path = Utilitis;
			sourceTree = "<group>";
		};
		71AC472B22952E01004D9B60 = {
			isa = PBXGroup;
			children = (
				71A3725122F94E12000AD70F /* Configs */,
				71AC473722952E01004D9B60 /* Sources */,
				52CE7777240015C100CC5FDF /* ExampleApp */,
				71AC473622952E01004D9B60 /* Products */,
				52CE778A240015C800CC5FDF /* Frameworks */,
			);
			sourceTree = "<group>";
		};
		71AC473622952E01004D9B60 /* Products */ = {
			isa = PBXGroup;
			children = (
				71AC473522952E01004D9B60 /* ETCoordinator.framework */,
				52CE7776240015C100CC5FDF /* ExampleApp.app */,
			);
			name = Products;
			sourceTree = "<group>";
		};
		71AC473722952E01004D9B60 /* Sources */ = {
			isa = PBXGroup;
			children = (
				6586281823795DEB007ECD0D /* ETCoordinator */,
			);
			path = Sources;
			sourceTree = "<group>";
		};
/* End PBXGroup section */

/* Begin PBXHeadersBuildPhase section */
		71AC473022952E01004D9B60 /* Headers */ = {
			isa = PBXHeadersBuildPhase;
			buildActionMask = 2147483647;
			files = (
				71AC474622952E01004D9B60 /* Coordinator.h in Headers */,
			);
			runOnlyForDeploymentPostprocessing = 0;
		};
/* End PBXHeadersBuildPhase section */

/* Begin PBXNativeTarget section */
		52CE7775240015C100CC5FDF /* ExampleApp */ = {
			isa = PBXNativeTarget;
			buildConfigurationList = 52CE7789240015C200CC5FDF /* Build configuration list for PBXNativeTarget "ExampleApp" */;
			buildPhases = (
				52CE7772240015C100CC5FDF /* Sources */,
				52CE7773240015C100CC5FDF /* Frameworks */,
				52CE7774240015C100CC5FDF /* Resources */,
				52CE778F240015C900CC5FDF /* Embed Frameworks */,
				52737A4F25337A5000E7CCA2 /* Swiftlint */,
				52737A532533998100E7CCA2 /* Carthage */,
			);
			buildRules = (
			);
			dependencies = (
				52CE778E240015C800CC5FDF /* PBXTargetDependency */,
			);
			name = ExampleApp;
			productName = Example;
			productReference = 52CE7776240015C100CC5FDF /* ExampleApp.app */;
			productType = "com.apple.product-type.application";
		};
		71AC473422952E01004D9B60 /* ETCoordinator */ = {
			isa = PBXNativeTarget;
			buildConfigurationList = 71AC474922952E01004D9B60 /* Build configuration list for PBXNativeTarget "ETCoordinator" */;
			buildPhases = (
				71AC473022952E01004D9B60 /* Headers */,
				71AC473122952E01004D9B60 /* Sources */,
				71AC473222952E01004D9B60 /* Frameworks */,
				71AC473322952E01004D9B60 /* Resources */,
			);
			buildRules = (
			);
			dependencies = (
			);
			name = ETCoordinator;
			productName = Coordinator;
			productReference = 71AC473522952E01004D9B60 /* ETCoordinator.framework */;
			productType = "com.apple.product-type.framework";
		};
/* End PBXNativeTarget section */

/* Begin PBXProject section */
		71AC472C22952E01004D9B60 /* Project object */ = {
			isa = PBXProject;
			attributes = {
				LastSwiftUpdateCheck = 1130;
				LastUpgradeCheck = 1020;
				ORGANIZATIONNAME = "Etnetera a. s.";
				TargetAttributes = {
					52CE7775240015C100CC5FDF = {
						CreatedOnToolsVersion = 11.3.1;
					};
					71AC473422952E01004D9B60 = {
						CreatedOnToolsVersion = 10.2.1;
					};
				};
			};
			buildConfigurationList = 71AC472F22952E01004D9B60 /* Build configuration list for PBXProject "ETCoordinator" */;
			compatibilityVersion = "Xcode 9.3";
			developmentRegion = en;
			hasScannedForEncodings = 0;
			knownRegions = (
				en,
				Base,
			);
			mainGroup = 71AC472B22952E01004D9B60;
			productRefGroup = 71AC473622952E01004D9B60 /* Products */;
			projectDirPath = "";
			projectRoot = "";
			targets = (
				71AC473422952E01004D9B60 /* ETCoordinator */,
				52CE7775240015C100CC5FDF /* ExampleApp */,
			);
		};
/* End PBXProject section */

/* Begin PBXResourcesBuildPhase section */
		52CE7774240015C100CC5FDF /* Resources */ = {
			isa = PBXResourcesBuildPhase;
			buildActionMask = 2147483647;
			files = (
				52CE7785240015C200CC5FDF /* LaunchScreen.storyboard in Resources */,
				52CE7782240015C200CC5FDF /* Preview Assets.xcassets in Resources */,
				52CE777F240015C200CC5FDF /* Assets.xcassets in Resources */,
			);
			runOnlyForDeploymentPostprocessing = 0;
		};
		71AC473322952E01004D9B60 /* Resources */ = {
			isa = PBXResourcesBuildPhase;
			buildActionMask = 2147483647;
			files = (
			);
			runOnlyForDeploymentPostprocessing = 0;
		};
/* End PBXResourcesBuildPhase section */

/* Begin PBXShellScriptBuildPhase section */
		52737A4F25337A5000E7CCA2 /* Swiftlint */ = {
			isa = PBXShellScriptBuildPhase;
			buildActionMask = 2147483647;
			files = (
			);
			inputFileListPaths = (
			);
			inputPaths = (
			);
			name = Swiftlint;
			outputFileListPaths = (
			);
			outputPaths = (
			);
			runOnlyForDeploymentPostprocessing = 0;
			shellPath = /bin/sh;
			shellScript = "if which swiftlint >/dev/null; then\n  swiftlint\nelse\n  echo \"warning: SwiftLint not installed, download from https://github.com/realm/SwiftLint\"\nfi\n";
		};
		52737A532533998100E7CCA2 /* Carthage */ = {
			isa = PBXShellScriptBuildPhase;
			buildActionMask = 2147483647;
			files = (
			);
			inputFileListPaths = (
			);
			inputPaths = (
				"$(SRCROOT)/Carthage/Build/iOS/LifetimeTracker.framework",
			);
			name = Carthage;
			outputFileListPaths = (
			);
			outputPaths = (
				"$(BUILT_PRODUCTS_DIR)/$(FRAMEWORKS_FOLDER_PATH)/LifetimeTracker.framework",
			);
			runOnlyForDeploymentPostprocessing = 0;
			shellPath = /bin/sh;
			shellScript = "/usr/local/bin/carthage copy-frameworks\n";
		};
/* End PBXShellScriptBuildPhase section */

/* Begin PBXSourcesBuildPhase section */
		52CE7772240015C100CC5FDF /* Sources */ = {
			isa = PBXSourcesBuildPhase;
			buildActionMask = 2147483647;
			files = (
				52CE7779240015C100CC5FDF /* AppDelegate.swift in Sources */,
				528626272533A36600F8ABA3 /* CustomCoordinator.swift in Sources */,
				52CE77962400165F00CC5FDF /* HomeCoordinator.swift in Sources */,
				52AD1F902400238400A24F8A /* DetailViewController.swift in Sources */,
				52AD1F8E2400215200A24F8A /* DetailCoordinator.swift in Sources */,
				52CE77932400163100CC5FDF /* HomeViewController.swift in Sources */,
				5286262525339FA200F8ABA3 /* Utils.swift in Sources */,
			);
			runOnlyForDeploymentPostprocessing = 0;
		};
		71AC473122952E01004D9B60 /* Sources */ = {
			isa = PBXSourcesBuildPhase;
			buildActionMask = 2147483647;
			files = (
				7119D2CD22952F5600ECA92C /* Coordinator.swift in Sources */,
				7119D2CF22952F5600ECA92C /* Initializable.swift in Sources */,
				71A3724D22F85BD8000AD70F /* StoppableCoordinator.swift in Sources */,
				7119D2CB22952F5600ECA92C /* Pushable.swift in Sources */,
				7119D2CC22952F5600ECA92C /* IdentifiableCoordinator.swift in Sources */,
				7119D2C822952F5600ECA92C /* Starter.swift in Sources */,
				71A3724F22F85D8E000AD70F /* Logger.swift in Sources */,
				7119D2CA22952F5600ECA92C /* Presentable.swift in Sources */,
				7119D2D122952F5600ECA92C /* PushingRouter.swift in Sources */,
				7119D2D022952F5600ECA92C /* PushingCoordinator.swift in Sources */,
				7119D2C922952F5600ECA92C /* BaseCoordinator.swift in Sources */,
				7119D2D222952F5600ECA92C /* Router.swift in Sources */,
				7119D2D8229531E100ECA92C /* MulticastDelegate.swift in Sources */,
				7119D2D9229531E100ECA92C /* NavControllerMulticastDelegate.swift in Sources */,
				7119D2DB229531EF00ECA92C /* Weak.swift in Sources */,
			);
			runOnlyForDeploymentPostprocessing = 0;
		};
/* End PBXSourcesBuildPhase section */

/* Begin PBXTargetDependency section */
		52CE778E240015C800CC5FDF /* PBXTargetDependency */ = {
			isa = PBXTargetDependency;
			target = 71AC473422952E01004D9B60 /* ETCoordinator */;
			targetProxy = 52CE778D240015C800CC5FDF /* PBXContainerItemProxy */;
		};
/* End PBXTargetDependency section */

/* Begin PBXVariantGroup section */
		52CE7783240015C200CC5FDF /* LaunchScreen.storyboard */ = {
			isa = PBXVariantGroup;
			children = (
				52CE7784240015C200CC5FDF /* Base */,
			);
			name = LaunchScreen.storyboard;
			sourceTree = "<group>";
		};
/* End PBXVariantGroup section */

/* Begin XCBuildConfiguration section */
		52CE7787240015C200CC5FDF /* Debug */ = {
			isa = XCBuildConfiguration;
			buildSettings = {
				ASSETCATALOG_COMPILER_APPICON_NAME = AppIcon;
				CODE_SIGN_STYLE = Automatic;
				DEVELOPMENT_TEAM = UVXJ4S52GK;
				ENABLE_PREVIEWS = YES;
				FRAMEWORK_SEARCH_PATHS = (
					"$(inherited)",
					"$(PROJECT_DIR)/Carthage/Build/iOS",
				);
				INFOPLIST_FILE = ExampleApp/Info.plist;
				IPHONEOS_DEPLOYMENT_TARGET = 11.0;
				LD_RUNPATH_SEARCH_PATHS = (
					"$(inherited)",
					"@executable_path/Frameworks",
				);
				PRODUCT_BUNDLE_IDENTIFIER = cz.etnetera.ETCoordinator.Example;
				PRODUCT_NAME = "$(TARGET_NAME)";
				SWIFT_VERSION = 5.0;
				TARGETED_DEVICE_FAMILY = "1,2";
			};
			name = Debug;
		};
		52CE7788240015C200CC5FDF /* Release */ = {
			isa = XCBuildConfiguration;
			buildSettings = {
				ASSETCATALOG_COMPILER_APPICON_NAME = AppIcon;
				CODE_SIGN_STYLE = Automatic;
				DEVELOPMENT_TEAM = UVXJ4S52GK;
				ENABLE_PREVIEWS = YES;
				FRAMEWORK_SEARCH_PATHS = (
					"$(inherited)",
					"$(PROJECT_DIR)/Carthage/Build/iOS",
				);
				INFOPLIST_FILE = ExampleApp/Info.plist;
				IPHONEOS_DEPLOYMENT_TARGET = 11.0;
				LD_RUNPATH_SEARCH_PATHS = (
					"$(inherited)",
					"@executable_path/Frameworks",
				);
				PRODUCT_BUNDLE_IDENTIFIER = cz.etnetera.ETCoordinator.Example;
				PRODUCT_NAME = "$(TARGET_NAME)";
				SWIFT_VERSION = 5.0;
				TARGETED_DEVICE_FAMILY = "1,2";
			};
			name = Release;
		};
		71AC474722952E01004D9B60 /* Debug */ = {
			isa = XCBuildConfiguration;
			buildSettings = {
				ALWAYS_SEARCH_USER_PATHS = NO;
				CLANG_ANALYZER_NONNULL = YES;
				CLANG_ANALYZER_NUMBER_OBJECT_CONVERSION = YES_AGGRESSIVE;
				CLANG_CXX_LANGUAGE_STANDARD = "gnu++14";
				CLANG_CXX_LIBRARY = "libc++";
				CLANG_ENABLE_MODULES = YES;
				CLANG_ENABLE_OBJC_ARC = YES;
				CLANG_ENABLE_OBJC_WEAK = YES;
				CLANG_WARN_BLOCK_CAPTURE_AUTORELEASING = YES;
				CLANG_WARN_BOOL_CONVERSION = YES;
				CLANG_WARN_COMMA = YES;
				CLANG_WARN_CONSTANT_CONVERSION = YES;
				CLANG_WARN_DEPRECATED_OBJC_IMPLEMENTATIONS = YES;
				CLANG_WARN_DIRECT_OBJC_ISA_USAGE = YES_ERROR;
				CLANG_WARN_DOCUMENTATION_COMMENTS = YES;
				CLANG_WARN_EMPTY_BODY = YES;
				CLANG_WARN_ENUM_CONVERSION = YES;
				CLANG_WARN_INFINITE_RECURSION = YES;
				CLANG_WARN_INT_CONVERSION = YES;
				CLANG_WARN_NON_LITERAL_NULL_CONVERSION = YES;
				CLANG_WARN_OBJC_IMPLICIT_RETAIN_SELF = YES;
				CLANG_WARN_OBJC_LITERAL_CONVERSION = YES;
				CLANG_WARN_OBJC_ROOT_CLASS = YES_ERROR;
				CLANG_WARN_RANGE_LOOP_ANALYSIS = YES;
				CLANG_WARN_STRICT_PROTOTYPES = YES;
				CLANG_WARN_SUSPICIOUS_MOVE = YES;
				CLANG_WARN_UNGUARDED_AVAILABILITY = YES_AGGRESSIVE;
				CLANG_WARN_UNREACHABLE_CODE = YES;
				CLANG_WARN__DUPLICATE_METHOD_MATCH = YES;
				CODE_SIGN_IDENTITY = "iPhone Developer";
				COPY_PHASE_STRIP = NO;
				CURRENT_PROJECT_VERSION = 1;
				DEBUG_INFORMATION_FORMAT = dwarf;
				ENABLE_STRICT_OBJC_MSGSEND = YES;
				ENABLE_TESTABILITY = YES;
				GCC_C_LANGUAGE_STANDARD = gnu11;
				GCC_DYNAMIC_NO_PIC = NO;
				GCC_NO_COMMON_BLOCKS = YES;
				GCC_OPTIMIZATION_LEVEL = 0;
				GCC_PREPROCESSOR_DEFINITIONS = (
					"DEBUG=1",
					"$(inherited)",
				);
				GCC_WARN_64_TO_32_BIT_CONVERSION = YES;
				GCC_WARN_ABOUT_RETURN_TYPE = YES_ERROR;
				GCC_WARN_UNDECLARED_SELECTOR = YES;
				GCC_WARN_UNINITIALIZED_AUTOS = YES_AGGRESSIVE;
				GCC_WARN_UNUSED_FUNCTION = YES;
				GCC_WARN_UNUSED_VARIABLE = YES;
				IPHONEOS_DEPLOYMENT_TARGET = 11.0;
				MTL_ENABLE_DEBUG_INFO = INCLUDE_SOURCE;
				MTL_FAST_MATH = YES;
				ONLY_ACTIVE_ARCH = YES;
				SDKROOT = iphoneos;
				SWIFT_ACTIVE_COMPILATION_CONDITIONS = DEBUG;
				SWIFT_OPTIMIZATION_LEVEL = "-Onone";
				VERSIONING_SYSTEM = "apple-generic";
				VERSION_INFO_PREFIX = "";
			};
			name = Debug;
		};
		71AC474822952E01004D9B60 /* Release */ = {
			isa = XCBuildConfiguration;
			buildSettings = {
				ALWAYS_SEARCH_USER_PATHS = NO;
				CLANG_ANALYZER_NONNULL = YES;
				CLANG_ANALYZER_NUMBER_OBJECT_CONVERSION = YES_AGGRESSIVE;
				CLANG_CXX_LANGUAGE_STANDARD = "gnu++14";
				CLANG_CXX_LIBRARY = "libc++";
				CLANG_ENABLE_MODULES = YES;
				CLANG_ENABLE_OBJC_ARC = YES;
				CLANG_ENABLE_OBJC_WEAK = YES;
				CLANG_WARN_BLOCK_CAPTURE_AUTORELEASING = YES;
				CLANG_WARN_BOOL_CONVERSION = YES;
				CLANG_WARN_COMMA = YES;
				CLANG_WARN_CONSTANT_CONVERSION = YES;
				CLANG_WARN_DEPRECATED_OBJC_IMPLEMENTATIONS = YES;
				CLANG_WARN_DIRECT_OBJC_ISA_USAGE = YES_ERROR;
				CLANG_WARN_DOCUMENTATION_COMMENTS = YES;
				CLANG_WARN_EMPTY_BODY = YES;
				CLANG_WARN_ENUM_CONVERSION = YES;
				CLANG_WARN_INFINITE_RECURSION = YES;
				CLANG_WARN_INT_CONVERSION = YES;
				CLANG_WARN_NON_LITERAL_NULL_CONVERSION = YES;
				CLANG_WARN_OBJC_IMPLICIT_RETAIN_SELF = YES;
				CLANG_WARN_OBJC_LITERAL_CONVERSION = YES;
				CLANG_WARN_OBJC_ROOT_CLASS = YES_ERROR;
				CLANG_WARN_RANGE_LOOP_ANALYSIS = YES;
				CLANG_WARN_STRICT_PROTOTYPES = YES;
				CLANG_WARN_SUSPICIOUS_MOVE = YES;
				CLANG_WARN_UNGUARDED_AVAILABILITY = YES_AGGRESSIVE;
				CLANG_WARN_UNREACHABLE_CODE = YES;
				CLANG_WARN__DUPLICATE_METHOD_MATCH = YES;
				CODE_SIGN_IDENTITY = "iPhone Developer";
				COPY_PHASE_STRIP = NO;
				CURRENT_PROJECT_VERSION = 1;
				DEBUG_INFORMATION_FORMAT = "dwarf-with-dsym";
				ENABLE_NS_ASSERTIONS = NO;
				ENABLE_STRICT_OBJC_MSGSEND = YES;
				GCC_C_LANGUAGE_STANDARD = gnu11;
				GCC_NO_COMMON_BLOCKS = YES;
				GCC_WARN_64_TO_32_BIT_CONVERSION = YES;
				GCC_WARN_ABOUT_RETURN_TYPE = YES_ERROR;
				GCC_WARN_UNDECLARED_SELECTOR = YES;
				GCC_WARN_UNINITIALIZED_AUTOS = YES_AGGRESSIVE;
				GCC_WARN_UNUSED_FUNCTION = YES;
				GCC_WARN_UNUSED_VARIABLE = YES;
				IPHONEOS_DEPLOYMENT_TARGET = 11.0;
				MTL_ENABLE_DEBUG_INFO = NO;
				MTL_FAST_MATH = YES;
				SDKROOT = iphoneos;
				SWIFT_COMPILATION_MODE = wholemodule;
				SWIFT_OPTIMIZATION_LEVEL = "-O";
				VALIDATE_PRODUCT = YES;
				VERSIONING_SYSTEM = "apple-generic";
				VERSION_INFO_PREFIX = "";
			};
			name = Release;
		};
		71AC474A22952E01004D9B60 /* Debug */ = {
			isa = XCBuildConfiguration;
			buildSettings = {
				CODE_SIGN_IDENTITY = "";
				CODE_SIGN_STYLE = Automatic;
				DEFINES_MODULE = YES;
				DYLIB_COMPATIBILITY_VERSION = 1;
				DYLIB_CURRENT_VERSION = 1;
				DYLIB_INSTALL_NAME_BASE = "@rpath";
				INFOPLIST_FILE = Configs/ETCoordinator.plist;
				INSTALL_PATH = "$(LOCAL_LIBRARY_DIR)/Frameworks";
				IPHONEOS_DEPLOYMENT_TARGET = 11.0;
				LD_RUNPATH_SEARCH_PATHS = (
					"$(inherited)",
					"@executable_path/Frameworks",
					"@loader_path/Frameworks",
				);
				PRODUCT_BUNDLE_IDENTIFIER = cz.etnetera.Coordinator;
				PRODUCT_NAME = ETCoordinator;
				SKIP_INSTALL = YES;
				SWIFT_VERSION = 5.0;
				TARGETED_DEVICE_FAMILY = "1,2";
			};
			name = Debug;
		};
		71AC474B22952E01004D9B60 /* Release */ = {
			isa = XCBuildConfiguration;
			buildSettings = {
				CODE_SIGN_IDENTITY = "";
				CODE_SIGN_STYLE = Automatic;
				DEFINES_MODULE = YES;
				DYLIB_COMPATIBILITY_VERSION = 1;
				DYLIB_CURRENT_VERSION = 1;
				DYLIB_INSTALL_NAME_BASE = "@rpath";
				INFOPLIST_FILE = Configs/ETCoordinator.plist;
				INSTALL_PATH = "$(LOCAL_LIBRARY_DIR)/Frameworks";
				IPHONEOS_DEPLOYMENT_TARGET = 11.0;
				LD_RUNPATH_SEARCH_PATHS = (
					"$(inherited)",
					"@executable_path/Frameworks",
					"@loader_path/Frameworks",
				);
				PRODUCT_BUNDLE_IDENTIFIER = cz.etnetera.Coordinator;
				PRODUCT_NAME = ETCoordinator;
				SKIP_INSTALL = YES;
				SWIFT_VERSION = 5.0;
				TARGETED_DEVICE_FAMILY = "1,2";
			};
			name = Release;
		};
/* End XCBuildConfiguration section */

/* Begin XCConfigurationList section */
		52CE7789240015C200CC5FDF /* Build configuration list for PBXNativeTarget "ExampleApp" */ = {
			isa = XCConfigurationList;
			buildConfigurations = (
				52CE7787240015C200CC5FDF /* Debug */,
				52CE7788240015C200CC5FDF /* Release */,
			);
			defaultConfigurationIsVisible = 0;
			defaultConfigurationName = Release;
		};
		71AC472F22952E01004D9B60 /* Build configuration list for PBXProject "ETCoordinator" */ = {
			isa = XCConfigurationList;
			buildConfigurations = (
				71AC474722952E01004D9B60 /* Debug */,
				71AC474822952E01004D9B60 /* Release */,
			);
			defaultConfigurationIsVisible = 0;
			defaultConfigurationName = Release;
		};
		71AC474922952E01004D9B60 /* Build configuration list for PBXNativeTarget "ETCoordinator" */ = {
			isa = XCConfigurationList;
			buildConfigurations = (
				71AC474A22952E01004D9B60 /* Debug */,
				71AC474B22952E01004D9B60 /* Release */,
			);
			defaultConfigurationIsVisible = 0;
			defaultConfigurationName = Release;
		};
/* End XCConfigurationList section */
	};
	rootObject = 71AC472C22952E01004D9B60 /* Project object */;
}
